
Microsoft Visual Studio Solution File, Format Version 12.00
# Visual Studio 15
VisualStudioVersion = 15.0.27703.2000
MinimumVisualStudioVersion = 10.0.40219.1
Project("{FAE04EC0-301F-11D3-BF4B-00C04F79EFBC}") = "LISTING 1-26 ThreadLocal", "LISTING 1-26 ThreadLocal\LISTING 1-26 ThreadLocal.csproj", "{BCF59C0E-6624-4FF0-BAA3-CDD22CBEA88F}"
EndProject
Global
	GlobalSection(SolutionConfigurationPlatforms) = preSolution
		Debug|Any CPU = Debug|Any CPU
		Release|Any CPU = Release|Any CPU
	EndGlobalSection
	GlobalSection(ProjectConfigurationPlatforms) = postSolution
		{BCF59C0E-6624-4FF0-BAA3-CDD22CBEA88F}.Debug|Any CPU.ActiveCfg = Debug|Any CPU
		{BCF59C0E-6624-4FF0-BAA3-CDD22CBEA88F}.Debug|Any CPU.Build.0 = Debug|Any CPU
		{BCF59C0E-6624-4FF0-BAA3-CDD22CBEA88F}.Release|Any CPU.ActiveCfg = Release|Any CPU
		{BCF59C0E-6624-4FF0-BAA3-CDD22CBEA88F}.Release|Any CPU.Build.0 = Release|Any CPU
	EndGlobalSection
	GlobalSection(SolutionProperties) = preSolution
		HideSolutionNode = FALSE
	EndGlobalSection
	GlobalSection(ExtensibilityGlobals) = postSolution
		SolutionGuid = {0FC58E7E-B5D3-4BC3-BC08-540F1766F79D}
	EndGlobalSection
EndGlobal
