
Microsoft Visual Studio Solution File, Format Version 12.00
# Visual Studio 15
VisualStudioVersion = 15.0.27703.2000
MinimumVisualStudioVersion = 10.0.40219.1
Project("{FAE04EC0-301F-11D3-BF4B-00C04F79EFBC}") = "LISTING 1-2 ParallelForEach", "LISTING 1-2 ParallelForEach\LISTING 1-2 ParallelForEach.csproj", "{EF9D4F78-A8EE-42A0-85C4-5AC2FDF02336}"
EndProject
Global
	GlobalSection(SolutionConfigurationPlatforms) = preSolution
		Debug|Any CPU = Debug|Any CPU
		Release|Any CPU = Release|Any CPU
	EndGlobalSection
	GlobalSection(ProjectConfigurationPlatforms) = postSolution
		{EF9D4F78-A8EE-42A0-85C4-5AC2FDF02336}.Debug|Any CPU.ActiveCfg = Debug|Any CPU
		{EF9D4F78-A8EE-42A0-85C4-5AC2FDF02336}.Debug|Any CPU.Build.0 = Debug|Any CPU
		{EF9D4F78-A8EE-42A0-85C4-5AC2FDF02336}.Release|Any CPU.ActiveCfg = Release|Any CPU
		{EF9D4F78-A8EE-42A0-85C4-5AC2FDF02336}.Release|Any CPU.Build.0 = Release|Any CPU
	EndGlobalSection
	GlobalSection(SolutionProperties) = preSolution
		HideSolutionNode = FALSE
	EndGlobalSection
	GlobalSection(ExtensibilityGlobals) = postSolution
		SolutionGuid = {C7564F1F-81A9-4AB2-8AAB-577A8621BBE2}
	EndGlobalSection
EndGlobal
