
Microsoft Visual Studio Solution File, Format Version 12.00
# Visual Studio 15
VisualStudioVersion = 15.0.27703.2000
MinimumVisualStudioVersion = 10.0.40219.1
Project("{FAE04EC0-301F-11D3-BF4B-00C04F79EFBC}") = "Random Averages", "Random Averages\Random Averages.csproj", "{CCD14002-D46F-4EB9-AA8C-E24BBA34F1C1}"
EndProject
Global
	GlobalSection(SolutionConfigurationPlatforms) = preSolution
		Debug|Any CPU = Debug|Any CPU
		Release|Any CPU = Release|Any CPU
	EndGlobalSection
	GlobalSection(ProjectConfigurationPlatforms) = postSolution
		{CCD14002-D46F-4EB9-AA8C-E24BBA34F1C1}.Debug|Any CPU.ActiveCfg = Debug|Any CPU
		{CCD14002-D46F-4EB9-AA8C-E24BBA34F1C1}.Debug|Any CPU.Build.0 = Debug|Any CPU
		{CCD14002-D46F-4EB9-AA8C-E24BBA34F1C1}.Release|Any CPU.ActiveCfg = Release|Any CPU
		{CCD14002-D46F-4EB9-AA8C-E24BBA34F1C1}.Release|Any CPU.Build.0 = Release|Any CPU
	EndGlobalSection
	GlobalSection(SolutionProperties) = preSolution
		HideSolutionNode = FALSE
	EndGlobalSection
	GlobalSection(ExtensibilityGlobals) = postSolution
		SolutionGuid = {B0BE5677-45BB-4B14-827A-6B1ACE246807}
	EndGlobalSection
EndGlobal
