
Microsoft Visual Studio Solution File, Format Version 12.00
# Visual Studio 15
VisualStudioVersion = 15.0.27703.2000
MinimumVisualStudioVersion = 10.0.40219.1
Project("{FAE04EC0-301F-11D3-BF4B-00C04F79EFBC}") = "LISTING 1-17 Attached Child Tasks", "LISTING 1-17 Attached Child Tasks\LISTING 1-17 Attached Child Tasks.csproj", "{51D8E6BA-C548-4E70-A346-00B1DFA84949}"
EndProject
Global
	GlobalSection(SolutionConfigurationPlatforms) = preSolution
		Debug|Any CPU = Debug|Any CPU
		Release|Any CPU = Release|Any CPU
	EndGlobalSection
	GlobalSection(ProjectConfigurationPlatforms) = postSolution
		{51D8E6BA-C548-4E70-A346-00B1DFA84949}.Debug|Any CPU.ActiveCfg = Debug|Any CPU
		{51D8E6BA-C548-4E70-A346-00B1DFA84949}.Debug|Any CPU.Build.0 = Debug|Any CPU
		{51D8E6BA-C548-4E70-A346-00B1DFA84949}.Release|Any CPU.ActiveCfg = Release|Any CPU
		{51D8E6BA-C548-4E70-A346-00B1DFA84949}.Release|Any CPU.Build.0 = Release|Any CPU
	EndGlobalSection
	GlobalSection(SolutionProperties) = preSolution
		HideSolutionNode = FALSE
	EndGlobalSection
	GlobalSection(ExtensibilityGlobals) = postSolution
		SolutionGuid = {04358DA6-ADC5-443B-9A09-BF1BBFB6E005}
	EndGlobalSection
EndGlobal
